
Microsoft Visual Studio Solution File, Format Version 12.00
# Visual Studio Version 17
VisualStudioVersion = 17.8.34316.72
MinimumVisualStudioVersion = 10.0.40219.1
Project("{FAE04EC0-301F-11D3-BF4B-00C04F79EFBC}") = "Dratf or Learn", "Dratf or Learn\Dratf or Learn.csproj", "{94C29B6C-FBA3-48E0-8B2F-AB04FFF3180B}"
EndProject
Global
	GlobalSection(SolutionConfigurationPlatforms) = preSolution
		Debug|Any CPU = Debug|Any CPU
		Release|Any CPU = Release|Any CPU
	EndGlobalSection
	GlobalSection(ProjectConfigurationPlatforms) = postSolution
		{94C29B6C-FBA3-48E0-8B2F-AB04FFF3180B}.Debug|Any CPU.ActiveCfg = Debug|Any CPU
		{94C29B6C-FBA3-48E0-8B2F-AB04FFF3180B}.Debug|Any CPU.Build.0 = Debug|Any CPU
		{94C29B6C-FBA3-48E0-8B2F-AB04FFF3180B}.Release|Any CPU.ActiveCfg = Release|Any CPU
		{94C29B6C-FBA3-48E0-8B2F-AB04FFF3180B}.Release|Any CPU.Build.0 = Release|Any CPU
	EndGlobalSection
	GlobalSection(SolutionProperties) = preSolution
		HideSolutionNode = FALSE
	EndGlobalSection
	GlobalSection(ExtensibilityGlobals) = postSolution
		SolutionGuid = {17AA2BE8-8100-4D98-8B3E-19112AB8A332}
	EndGlobalSection
EndGlobal
